
Microsoft Visual Studio Solution File, Format Version 12.00
# Visual Studio Version 16
VisualStudioVersion = 16.0.32106.194
MinimumVisualStudioVersion = 10.0.40219.1
Project("{9A19103F-16F7-4668-BE54-9A1E7A4F7556}") = "InlandMarinaMVC", "InlandMarinaMVC\InlandMarinaMVC.csproj", "{89504AC6-3AB9-470C-8886-05359211253C}"
EndProject
Project("{9A19103F-16F7-4668-BE54-9A1E7A4F7556}") = "InlandMarinaData", "InlandMarinaData\InlandMarinaData.csproj", "{C15DFFD1-EFB6-4F26-A0BA-177BFDBD9E24}"
EndProject
Global
	GlobalSection(SolutionConfigurationPlatforms) = preSolution
		Debug|Any CPU = Debug|Any CPU
		Release|Any CPU = Release|Any CPU
	EndGlobalSection
	GlobalSection(ProjectConfigurationPlatforms) = postSolution
		{89504AC6-3AB9-470C-8886-05359211253C}.Debug|Any CPU.ActiveCfg = Debug|Any CPU
		{89504AC6-3AB9-470C-8886-05359211253C}.Debug|Any CPU.Build.0 = Debug|Any CPU
		{89504AC6-3AB9-470C-8886-05359211253C}.Release|Any CPU.ActiveCfg = Release|Any CPU
		{89504AC6-3AB9-470C-8886-05359211253C}.Release|Any CPU.Build.0 = Release|Any CPU
		{C15DFFD1-EFB6-4F26-A0BA-177BFDBD9E24}.Debug|Any CPU.ActiveCfg = Debug|Any CPU
		{C15DFFD1-EFB6-4F26-A0BA-177BFDBD9E24}.Debug|Any CPU.Build.0 = Debug|Any CPU
		{C15DFFD1-EFB6-4F26-A0BA-177BFDBD9E24}.Release|Any CPU.ActiveCfg = Release|Any CPU
		{C15DFFD1-EFB6-4F26-A0BA-177BFDBD9E24}.Release|Any CPU.Build.0 = Release|Any CPU
	EndGlobalSection
	GlobalSection(SolutionProperties) = preSolution
		HideSolutionNode = FALSE
	EndGlobalSection
	GlobalSection(ExtensibilityGlobals) = postSolution
		SolutionGuid = {7E89BA5C-9478-4C59-BB26-BEAB10062631}
	EndGlobalSection
EndGlobal
